
Microsoft Visual Studio Solution File, Format Version 12.00
# Visual Studio Version 16
VisualStudioVersion = 25.0.1706.8
MinimumVisualStudioVersion = 10.0.40219.1
Project("{FAE04EC0-301F-11D3-BF4B-00C04F79EFBC}") = "animalCatch", "animalCatch\animalCatch.csproj", "{B04BAB2C-3564-4566-92A1-6E4A0825C621}"
EndProject
Global
	GlobalSection(SolutionConfigurationPlatforms) = preSolution
		Debug|Any CPU = Debug|Any CPU
		Release|Any CPU = Release|Any CPU
	EndGlobalSection
	GlobalSection(ProjectConfigurationPlatforms) = postSolution
		{B04BAB2C-3564-4566-92A1-6E4A0825C621}.Debug|Any CPU.ActiveCfg = Debug|Any CPU
		{B04BAB2C-3564-4566-92A1-6E4A0825C621}.Debug|Any CPU.Build.0 = Debug|Any CPU
		{B04BAB2C-3564-4566-92A1-6E4A0825C621}.Release|Any CPU.ActiveCfg = Release|Any CPU
		{B04BAB2C-3564-4566-92A1-6E4A0825C621}.Release|Any CPU.Build.0 = Release|Any CPU
	EndGlobalSection
	GlobalSection(SolutionProperties) = preSolution
		HideSolutionNode = FALSE
	EndGlobalSection
	GlobalSection(ExtensibilityGlobals) = postSolution
		SolutionGuid = {C9A69D46-40BF-4098-9577-B38630CB88C5}
	EndGlobalSection
EndGlobal
